
Microsoft Visual Studio Solution File, Format Version 12.00
# Visual Studio Version 16
VisualStudioVersion = 16.0.29424.173
MinimumVisualStudioVersion = 10.0.40219.1
Project("{FAE04EC0-301F-11D3-BF4B-00C04F79EFBC}") = "QLKS", "QLKS\QLKS.csproj", "{16BDD62B-1C83-4DAA-928A-8ECF9C83264E}"
EndProject
Global
	GlobalSection(SolutionConfigurationPlatforms) = preSolution
		Debug|Any CPU = Debug|Any CPU
		Release|Any CPU = Release|Any CPU
	EndGlobalSection
	GlobalSection(ProjectConfigurationPlatforms) = postSolution
		{16BDD62B-1C83-4DAA-928A-8ECF9C83264E}.Debug|Any CPU.ActiveCfg = Debug|Any CPU
		{16BDD62B-1C83-4DAA-928A-8ECF9C83264E}.Debug|Any CPU.Build.0 = Debug|Any CPU
		{16BDD62B-1C83-4DAA-928A-8ECF9C83264E}.Release|Any CPU.ActiveCfg = Release|Any CPU
		{16BDD62B-1C83-4DAA-928A-8ECF9C83264E}.Release|Any CPU.Build.0 = Release|Any CPU
	EndGlobalSection
	GlobalSection(SolutionProperties) = preSolution
		HideSolutionNode = FALSE
	EndGlobalSection
	GlobalSection(ExtensibilityGlobals) = postSolution
		SolutionGuid = {39E30EB3-FCB7-4995-B9BC-1D9C0AD7E8CD}
	EndGlobalSection
EndGlobal
